<Solution Description="Visual Studio slnx file generated by Premake" Version="1.4">
  <Configurations>
    <BuildType Name="Debug" />
    <BuildType Name="Release" />
    <Platform Name="x64" />
  </Configurations>
  <Project Path="CoyoteController.vcxproj" Id="DCF27EFB-C8EB-9D4D-F11D-83D2DD757D59" DefaultStartup="true">
  </Project>
</Solution>