<?xml version="1.0" encoding="utf-8"?>
<Project ToolsVersion="4.0" xmlns="http://schemas.microsoft.com/developer/msbuild/2003">
  <ItemGroup>
    <Filter Include="external">
      <UniqueIdentifier>{2839F3DC-1406-4EE8-3D1F-3C90294B8376}</UniqueIdentifier>
    </Filter>
    <Filter Include="external\ImGui">
      <UniqueIdentifier>{52ECDBB8-3EBA-CFBE-274E-40E513BBAB23}</UniqueIdentifier>
    </Filter>
    <Filter Include="external\ImGui\backends">
      <UniqueIdentifier>{BC62FDD5-289A-456D-31A4-A9909D5A6C66}</UniqueIdentifier>
    </Filter>
    <Filter Include="src">
      <UniqueIdentifier>{2DAB880B-99B4-887C-2230-9F7C8E38947C}</UniqueIdentifier>
    </Filter>
    <Filter Include="src\BLE">
      <UniqueIdentifier>{4F622FA9-BB41-AE44-C459-391B30B814A6}</UniqueIdentifier>
    </Filter>
    <Filter Include="src\UI">
      <UniqueIdentifier>{3A4B661C-26ED-90F2-0FA8-A446FBE81743}</UniqueIdentifier>
    </Filter>
    <Filter Include="src\VirtualBackend">
      <UniqueIdentifier>{6BF8FE83-57DC-BFD9-C03C-BA2CAC3FAA5B}</UniqueIdentifier>
    </Filter>
  </ItemGroup>
  <ItemGroup>
    <ClInclude Include="src\BLE\CoyoteBLEClient.h">
      <Filter>src\BLE</Filter>
    </ClInclude>
    <ClInclude Include="src\UI\UI.h">
      <Filter>src\UI</Filter>
    </ClInclude>
    <ClInclude Include="src\VirtualBackend\SignalBuffer.h">
      <Filter>src\VirtualBackend</Filter>
    </ClInclude>
    <ClInclude Include="src\VirtualBackend\VIIPERBackend.h">
      <Filter>src\VirtualBackend</Filter>
    </ClInclude>
    <ClInclude Include="src\core.h">
      <Filter>src</Filter>
    </ClInclude>
  </ItemGroup>
  <ItemGroup>
    <ClCompile Include="external\ImGui\backends\imgui_impl_dx11.cpp">
      <Filter>external\ImGui\backends</Filter>
    </ClCompile>
    <ClCompile Include="external\ImGui\backends\imgui_impl_win32.cpp">
      <Filter>external\ImGui\backends</Filter>
    </ClCompile>
    <ClCompile Include="external\ImGui\imgui.cpp">
      <Filter>external\ImGui</Filter>
    </ClCompile>
    <ClCompile Include="external\ImGui\imgui_draw.cpp">
      <Filter>external\ImGui</Filter>
    </ClCompile>
    <ClCompile Include="external\ImGui\imgui_tables.cpp">
      <Filter>external\ImGui</Filter>
    </ClCompile>
    <ClCompile Include="external\ImGui\imgui_widgets.cpp">
      <Filter>external\ImGui</Filter>
    </ClCompile>
    <ClCompile Include="src\BLE\CoyoteBLEClient.cpp">
      <Filter>src\BLE</Filter>
    </ClCompile>
    <ClCompile Include="src\UI\UI.cpp">
      <Filter>src\UI</Filter>
    </ClCompile>
    <ClCompile Include="src\VirtualBackend\SignalBuffer.cpp">
      <Filter>src\VirtualBackend</Filter>
    </ClCompile>
    <ClCompile Include="src\VirtualBackend\VIIPERBackend.cpp">
      <Filter>src\VirtualBackend</Filter>
    </ClCompile>
    <ClCompile Include="src\main.cpp">
      <Filter>src</Filter>
    </ClCompile>
  </ItemGroup>
</Project>