<Solution Description="Visual Studio slnx file generated by Premake" Version="1.4">
  <Configurations>
    <BuildType Name="Debug" />
    <BuildType Name="Release" />
    <Platform Name="x64" />
  </Configurations>
  <Project Path="StimLink.vcxproj" Id="70693CF3-5C36-97FE-854F-85A6717BCC8C" DefaultStartup="true">
  </Project>
</Solution>