<?xml version="1.0" encoding="utf-8"?>
<Project ToolsVersion="4.0" xmlns="http://schemas.microsoft.com/developer/msbuild/2003">
  <ItemGroup>
    <Filter Include="external">
      <UniqueIdentifier>{2839F3DC-1406-4EE8-3D1F-3C90294B8376}</UniqueIdentifier>
    </Filter>
    <Filter Include="external\ImGui">
      <UniqueIdentifier>{52ECDBB8-3EBA-CFBE-274E-40E513BBAB23}</UniqueIdentifier>
    </Filter>
    <Filter Include="external\ImGui\backends">
      <UniqueIdentifier>{BC62FDD5-289A-456D-31A4-A9909D5A6C66}</UniqueIdentifier>
    </Filter>
    <Filter Include="external\ImPlot">
      <UniqueIdentifier>{EC405ED4-58CC-CB98-61DD-4E8DCDE72799}</UniqueIdentifier>
    </Filter>
    <Filter Include="src">
      <UniqueIdentifier>{2DAB880B-99B4-887C-2230-9F7C8E38947C}</UniqueIdentifier>
    </Filter>
    <Filter Include="src\ToyBackend">
      <UniqueIdentifier>{00AA42AF-EC77-36B5-D50B-A7DBC178121A}</UniqueIdentifier>
    </Filter>
    <Filter Include="src\UI">
      <UniqueIdentifier>{3A4B661C-26ED-90F2-0FA8-A446FBE81743}</UniqueIdentifier>
    </Filter>
    <Filter Include="src\VirtualController">
      <UniqueIdentifier>{C7105BD0-337D-16CB-FC70-AE28689C3833}</UniqueIdentifier>
    </Filter>
  </ItemGroup>
  <ItemGroup>
    <ClInclude Include="src\ToyBackend\CoyoteBLEBackend.h">
      <Filter>src\ToyBackend</Filter>
    </ClInclude>
    <ClInclude Include="src\UI\UI.h">
      <Filter>src\UI</Filter>
    </ClInclude>
    <ClInclude Include="src\VirtualController\SignalBuffer.h">
      <Filter>src\VirtualController</Filter>
    </ClInclude>
    <ClInclude Include="src\VirtualController\VIIPERBackend.h">
      <Filter>src\VirtualController</Filter>
    </ClInclude>
    <ClInclude Include="src\core.h">
      <Filter>src</Filter>
    </ClInclude>
  </ItemGroup>
  <ItemGroup>
    <ClCompile Include="external\ImGui\backends\imgui_impl_dx11.cpp">
      <Filter>external\ImGui\backends</Filter>
    </ClCompile>
    <ClCompile Include="external\ImGui\backends\imgui_impl_win32.cpp">
      <Filter>external\ImGui\backends</Filter>
    </ClCompile>
    <ClCompile Include="external\ImGui\imgui.cpp">
      <Filter>external\ImGui</Filter>
    </ClCompile>
    <ClCompile Include="external\ImGui\imgui_draw.cpp">
      <Filter>external\ImGui</Filter>
    </ClCompile>
    <ClCompile Include="external\ImGui\imgui_tables.cpp">
      <Filter>external\ImGui</Filter>
    </ClCompile>
    <ClCompile Include="external\ImGui\imgui_widgets.cpp">
      <Filter>external\ImGui</Filter>
    </ClCompile>
    <ClCompile Include="external\ImPlot\implot.cpp">
      <Filter>external\ImPlot</Filter>
    </ClCompile>
    <ClCompile Include="external\ImPlot\implot_items.cpp">
      <Filter>external\ImPlot</Filter>
    </ClCompile>
    <ClCompile Include="src\ToyBackend\CoyoteBLEBackend.cpp">
      <Filter>src\ToyBackend</Filter>
    </ClCompile>
    <ClCompile Include="src\UI\UI.cpp">
      <Filter>src\UI</Filter>
    </ClCompile>
    <ClCompile Include="src\VirtualController\SignalBuffer.cpp">
      <Filter>src\VirtualController</Filter>
    </ClCompile>
    <ClCompile Include="src\VirtualController\VIIPERBackend.cpp">
      <Filter>src\VirtualController</Filter>
    </ClCompile>
    <ClCompile Include="src\main.cpp">
      <Filter>src</Filter>
    </ClCompile>
  </ItemGroup>
</Project>